
Microsoft Visual Studio Solution File, Format Version 12.00
# Visual Studio Version 17
VisualStudioVersion = 17.13.35931.197 d17.13
MinimumVisualStudioVersion = 10.0.40219.1
Project("{FAE04EC0-301F-11D3-BF4B-00C04F79EFBC}") = "SkullRMacro", "SkullRMacro\SkullRMacro.csproj", "{AAEA0662-3A0A-4B29-903B-01C8C563EE89}"
EndProject
Global
	GlobalSection(SolutionConfigurationPlatforms) = preSolution
		Debug|Any CPU = Debug|Any CPU
		Release|Any CPU = Release|Any CPU
	EndGlobalSection
	GlobalSection(ProjectConfigurationPlatforms) = postSolution
		{AAEA0662-3A0A-4B29-903B-01C8C563EE89}.Debug|Any CPU.ActiveCfg = Debug|Any CPU
		{AAEA0662-3A0A-4B29-903B-01C8C563EE89}.Debug|Any CPU.Build.0 = Debug|Any CPU
		{AAEA0662-3A0A-4B29-903B-01C8C563EE89}.Release|Any CPU.ActiveCfg = Release|Any CPU
		{AAEA0662-3A0A-4B29-903B-01C8C563EE89}.Release|Any CPU.Build.0 = Release|Any CPU
	EndGlobalSection
	GlobalSection(SolutionProperties) = preSolution
		HideSolutionNode = FALSE
	EndGlobalSection
	GlobalSection(ExtensibilityGlobals) = postSolution
		SolutionGuid = {F938D3D6-97F5-4E8F-92F8-485855908585}
	EndGlobalSection
EndGlobal
